
Microsoft Visual Studio Solution File, Format Version 12.00
# Visual Studio 15
VisualStudioVersion = 15.0.27703.2047
MinimumVisualStudioVersion = 10.0.40219.1
Project("{9A19103F-16F7-4668-BE54-9A1E7A4F7556}") = "PoketDex", "PoketDex\PoketDex\PoketDex.csproj", "{9E709CC1-4840-4AC4-B600-5C657EF56CAE}"
EndProject
Project("{FAE04EC0-301F-11D3-BF4B-00C04F79EFBC}") = "PoketDex.Android", "PoketDex\PoketDex.Android\PoketDex.Android.csproj", "{CEBCB0FA-4D3A-48F1-B2EE-F3EDC3FCCE84}"
EndProject
Project("{FAE04EC0-301F-11D3-BF4B-00C04F79EFBC}") = "PoketDex.iOS", "PoketDex\PoketDex.iOS\PoketDex.iOS.csproj", "{68E40E79-3657-4B58-B1BE-FBC2BBA3509C}"
EndProject
Project("{FAE04EC0-301F-11D3-BF4B-00C04F79EFBC}") = "PoketDex.UWP", "PoketDex\PoketDex.UWP\PoketDex.UWP.csproj", "{2E5E3FC8-1F82-4970-9D6D-E256A984C764}"
EndProject
Global
	GlobalSection(SolutionConfigurationPlatforms) = preSolution
		Ad-Hoc|Any CPU = Ad-Hoc|Any CPU
		Ad-Hoc|ARM = Ad-Hoc|ARM
		Ad-Hoc|iPhone = Ad-Hoc|iPhone
		Ad-Hoc|iPhoneSimulator = Ad-Hoc|iPhoneSimulator
		Ad-Hoc|x64 = Ad-Hoc|x64
		Ad-Hoc|x86 = Ad-Hoc|x86
		AppStore|Any CPU = AppStore|Any CPU
		AppStore|ARM = AppStore|ARM
		AppStore|iPhone = AppStore|iPhone
		AppStore|iPhoneSimulator = AppStore|iPhoneSimulator
		AppStore|x64 = AppStore|x64
		AppStore|x86 = AppStore|x86
		Debug|Any CPU = Debug|Any CPU
		Debug|ARM = Debug|ARM
		Debug|iPhone = Debug|iPhone
		Debug|iPhoneSimulator = Debug|iPhoneSimulator
		Debug|x64 = Debug|x64
		Debug|x86 = Debug|x86
		Release|Any CPU = Release|Any CPU
		Release|ARM = Release|ARM
		Release|iPhone = Release|iPhone
		Release|iPhoneSimulator = Release|iPhoneSimulator
		Release|x64 = Release|x64
		Release|x86 = Release|x86
	EndGlobalSection
	GlobalSection(ProjectConfigurationPlatforms) = postSolution
		{9E709CC1-4840-4AC4-B600-5C657EF56CAE}.Ad-Hoc|Any CPU.ActiveCfg = Debug|Any CPU
		{9E709CC1-4840-4AC4-B600-5C657EF56CAE}.Ad-Hoc|Any CPU.Build.0 = Debug|Any CPU
		{9E709CC1-4840-4AC4-B600-5C657EF56CAE}.Ad-Hoc|ARM.ActiveCfg = Debug|Any CPU
		{9E709CC1-4840-4AC4-B600-5C657EF56CAE}.Ad-Hoc|ARM.Build.0 = Debug|Any CPU
		{9E709CC1-4840-4AC4-B600-5C657EF56CAE}.Ad-Hoc|iPhone.ActiveCfg = Debug|Any CPU
		{9E709CC1-4840-4AC4-B600-5C657EF56CAE}.Ad-Hoc|iPhone.Build.0 = Debug|Any CPU
		{9E709CC1-4840-4AC4-B600-5C657EF56CAE}.Ad-Hoc|iPhoneSimulator.ActiveCfg = Debug|Any CPU
		{9E709CC1-4840-4AC4-B600-5C657EF56CAE}.Ad-Hoc|iPhoneSimulator.Build.0 = Debug|Any CPU
		{9E709CC1-4840-4AC4-B600-5C657EF56CAE}.Ad-Hoc|x64.ActiveCfg = Debug|Any CPU
		{9E709CC1-4840-4AC4-B600-5C657EF56CAE}.Ad-Hoc|x64.Build.0 = Debug|Any CPU
		{9E709CC1-4840-4AC4-B600-5C657EF56CAE}.Ad-Hoc|x86.ActiveCfg = Debug|Any CPU
		{9E709CC1-4840-4AC4-B600-5C657EF56CAE}.Ad-Hoc|x86.Build.0 = Debug|Any CPU
		{9E709CC1-4840-4AC4-B600-5C657EF56CAE}.AppStore|Any CPU.ActiveCfg = Debug|Any CPU
		{9E709CC1-4840-4AC4-B600-5C657EF56CAE}.AppStore|Any CPU.Build.0 = Debug|Any CPU
		{9E709CC1-4840-4AC4-B600-5C657EF56CAE}.AppStore|ARM.ActiveCfg = Debug|Any CPU
		{9E709CC1-4840-4AC4-B600-5C657EF56CAE}.AppStore|ARM.Build.0 = Debug|Any CPU
		{9E709CC1-4840-4AC4-B600-5C657EF56CAE}.AppStore|iPhone.ActiveCfg = Debug|Any CPU
		{9E709CC1-4840-4AC4-B600-5C657EF56CAE}.AppStore|iPhone.Build.0 = Debug|Any CPU
		{9E709CC1-4840-4AC4-B600-5C657EF56CAE}.AppStore|iPhoneSimulator.ActiveCfg = Debug|Any CPU
		{9E709CC1-4840-4AC4-B600-5C657EF56CAE}.AppStore|iPhoneSimulator.Build.0 = Debug|Any CPU
		{9E709CC1-4840-4AC4-B600-5C657EF56CAE}.AppStore|x64.ActiveCfg = Debug|Any CPU
		{9E709CC1-4840-4AC4-B600-5C657EF56CAE}.AppStore|x64.Build.0 = Debug|Any CPU
		{9E709CC1-4840-4AC4-B600-5C657EF56CAE}.AppStore|x86.ActiveCfg = Debug|Any CPU
		{9E709CC1-4840-4AC4-B600-5C657EF56CAE}.AppStore|x86.Build.0 = Debug|Any CPU
		{9E709CC1-4840-4AC4-B600-5C657EF56CAE}.Debug|Any CPU.ActiveCfg = Debug|Any CPU
		{9E709CC1-4840-4AC4-B600-5C657EF56CAE}.Debug|Any CPU.Build.0 = Debug|Any CPU
		{9E709CC1-4840-4AC4-B600-5C657EF56CAE}.Debug|ARM.ActiveCfg = Debug|Any CPU
		{9E709CC1-4840-4AC4-B600-5C657EF56CAE}.Debug|ARM.Build.0 = Debug|Any CPU
		{9E709CC1-4840-4AC4-B600-5C657EF56CAE}.Debug|iPhone.ActiveCfg = Debug|Any CPU
		{9E709CC1-4840-4AC4-B600-5C657EF56CAE}.Debug|iPhone.Build.0 = Debug|Any CPU
		{9E709CC1-4840-4AC4-B600-5C657EF56CAE}.Debug|iPhoneSimulator.ActiveCfg = Debug|Any CPU
		{9E709CC1-4840-4AC4-B600-5C657EF56CAE}.Debug|iPhoneSimulator.Build.0 = Debug|Any CPU
		{9E709CC1-4840-4AC4-B600-5C657EF56CAE}.Debug|x64.ActiveCfg = Debug|Any CPU
		{9E709CC1-4840-4AC4-B600-5C657EF56CAE}.Debug|x64.Build.0 = Debug|Any CPU
		{9E709CC1-4840-4AC4-B600-5C657EF56CAE}.Debug|x86.ActiveCfg = Debug|Any CPU
		{9E709CC1-4840-4AC4-B600-5C657EF56CAE}.Debug|x86.Build.0 = Debug|Any CPU
		{9E709CC1-4840-4AC4-B600-5C657EF56CAE}.Release|Any CPU.ActiveCfg = Release|Any CPU
		{9E709CC1-4840-4AC4-B600-5C657EF56CAE}.Release|Any CPU.Build.0 = Release|Any CPU
		{9E709CC1-4840-4AC4-B600-5C657EF56CAE}.Release|ARM.ActiveCfg = Release|Any CPU
		{9E709CC1-4840-4AC4-B600-5C657EF56CAE}.Release|ARM.Build.0 = Release|Any CPU
		{9E709CC1-4840-4AC4-B600-5C657EF56CAE}.Release|iPhone.ActiveCfg = Release|Any CPU
		{9E709CC1-4840-4AC4-B600-5C657EF56CAE}.Release|iPhone.Build.0 = Release|Any CPU
		{9E709CC1-4840-4AC4-B600-5C657EF56CAE}.Release|iPhoneSimulator.ActiveCfg = Release|Any CPU
		{9E709CC1-4840-4AC4-B600-5C657EF56CAE}.Release|iPhoneSimulator.Build.0 = Release|Any CPU
		{9E709CC1-4840-4AC4-B600-5C657EF56CAE}.Release|x64.ActiveCfg = Release|Any CPU
		{9E709CC1-4840-4AC4-B600-5C657EF56CAE}.Release|x64.Build.0 = Release|Any CPU
		{9E709CC1-4840-4AC4-B600-5C657EF56CAE}.Release|x86.ActiveCfg = Release|Any CPU
		{9E709CC1-4840-4AC4-B600-5C657EF56CAE}.Release|x86.Build.0 = Release|Any CPU
		{CEBCB0FA-4D3A-48F1-B2EE-F3EDC3FCCE84}.Ad-Hoc|Any CPU.ActiveCfg = Release|Any CPU
		{CEBCB0FA-4D3A-48F1-B2EE-F3EDC3FCCE84}.Ad-Hoc|Any CPU.Build.0 = Release|Any CPU
		{CEBCB0FA-4D3A-48F1-B2EE-F3EDC3FCCE84}.Ad-Hoc|Any CPU.Deploy.0 = Release|Any CPU
		{CEBCB0FA-4D3A-48F1-B2EE-F3EDC3FCCE84}.Ad-Hoc|ARM.ActiveCfg = Release|Any CPU
		{CEBCB0FA-4D3A-48F1-B2EE-F3EDC3FCCE84}.Ad-Hoc|ARM.Build.0 = Release|Any CPU
		{CEBCB0FA-4D3A-48F1-B2EE-F3EDC3FCCE84}.Ad-Hoc|ARM.Deploy.0 = Release|Any CPU
		{CEBCB0FA-4D3A-48F1-B2EE-F3EDC3FCCE84}.Ad-Hoc|iPhone.ActiveCfg = Release|Any CPU
		{CEBCB0FA-4D3A-48F1-B2EE-F3EDC3FCCE84}.Ad-Hoc|iPhone.Build.0 = Release|Any CPU
		{CEBCB0FA-4D3A-48F1-B2EE-F3EDC3FCCE84}.Ad-Hoc|iPhone.Deploy.0 = Release|Any CPU
		{CEBCB0FA-4D3A-48F1-B2EE-F3EDC3FCCE84}.Ad-Hoc|iPhoneSimulator.ActiveCfg = Release|Any CPU
		{CEBCB0FA-4D3A-48F1-B2EE-F3EDC3FCCE84}.Ad-Hoc|iPhoneSimulator.Build.0 = Release|Any CPU
		{CEBCB0FA-4D3A-48F1-B2EE-F3EDC3FCCE84}.Ad-Hoc|iPhoneSimulator.Deploy.0 = Release|Any CPU
		{CEBCB0FA-4D3A-48F1-B2EE-F3EDC3FCCE84}.Ad-Hoc|x64.ActiveCfg = Release|Any CPU
		{CEBCB0FA-4D3A-48F1-B2EE-F3EDC3FCCE84}.Ad-Hoc|x64.Build.0 = Release|Any CPU
		{CEBCB0FA-4D3A-48F1-B2EE-F3EDC3FCCE84}.Ad-Hoc|x64.Deploy.0 = Release|Any CPU
		{CEBCB0FA-4D3A-48F1-B2EE-F3EDC3FCCE84}.Ad-Hoc|x86.ActiveCfg = Release|Any CPU
		{CEBCB0FA-4D3A-48F1-B2EE-F3EDC3FCCE84}.Ad-Hoc|x86.Build.0 = Release|Any CPU
		{CEBCB0FA-4D3A-48F1-B2EE-F3EDC3FCCE84}.Ad-Hoc|x86.Deploy.0 = Release|Any CPU
		{CEBCB0FA-4D3A-48F1-B2EE-F3EDC3FCCE84}.AppStore|Any CPU.ActiveCfg = Release|Any CPU
		{CEBCB0FA-4D3A-48F1-B2EE-F3EDC3FCCE84}.AppStore|Any CPU.Build.0 = Release|Any CPU
		{CEBCB0FA-4D3A-48F1-B2EE-F3EDC3FCCE84}.AppStore|Any CPU.Deploy.0 = Release|Any CPU
		{CEBCB0FA-4D3A-48F1-B2EE-F3EDC3FCCE84}.AppStore|ARM.ActiveCfg = Release|Any CPU
		{CEBCB0FA-4D3A-48F1-B2EE-F3EDC3FCCE84}.AppStore|ARM.Build.0 = Release|Any CPU
		{CEBCB0FA-4D3A-48F1-B2EE-F3EDC3FCCE84}.AppStore|ARM.Deploy.0 = Release|Any CPU
		{CEBCB0FA-4D3A-48F1-B2EE-F3EDC3FCCE84}.AppStore|iPhone.ActiveCfg = Release|Any CPU
		{CEBCB0FA-4D3A-48F1-B2EE-F3EDC3FCCE84}.AppStore|iPhone.Build.0 = Release|Any CPU
		{CEBCB0FA-4D3A-48F1-B2EE-F3EDC3FCCE84}.AppStore|iPhone.Deploy.0 = Release|Any CPU
		{CEBCB0FA-4D3A-48F1-B2EE-F3EDC3FCCE84}.AppStore|iPhoneSimulator.ActiveCfg = Release|Any CPU
		{CEBCB0FA-4D3A-48F1-B2EE-F3EDC3FCCE84}.AppStore|iPhoneSimulator.Build.0 = Release|Any CPU
		{CEBCB0FA-4D3A-48F1-B2EE-F3EDC3FCCE84}.AppStore|iPhoneSimulator.Deploy.0 = Release|Any CPU
		{CEBCB0FA-4D3A-48F1-B2EE-F3EDC3FCCE84}.AppStore|x64.ActiveCfg = Release|Any CPU
		{CEBCB0FA-4D3A-48F1-B2EE-F3EDC3FCCE84}.AppStore|x64.Build.0 = Release|Any CPU
		{CEBCB0FA-4D3A-48F1-B2EE-F3EDC3FCCE84}.AppStore|x64.Deploy.0 = Release|Any CPU
		{CEBCB0FA-4D3A-48F1-B2EE-F3EDC3FCCE84}.AppStore|x86.ActiveCfg = Release|Any CPU
		{CEBCB0FA-4D3A-48F1-B2EE-F3EDC3FCCE84}.AppStore|x86.Build.0 = Release|Any CPU
		{CEBCB0FA-4D3A-48F1-B2EE-F3EDC3FCCE84}.AppStore|x86.Deploy.0 = Release|Any CPU
		{CEBCB0FA-4D3A-48F1-B2EE-F3EDC3FCCE84}.Debug|Any CPU.ActiveCfg = Debug|Any CPU
		{CEBCB0FA-4D3A-48F1-B2EE-F3EDC3FCCE84}.Debug|Any CPU.Build.0 = Debug|Any CPU
		{CEBCB0FA-4D3A-48F1-B2EE-F3EDC3FCCE84}.Debug|Any CPU.Deploy.0 = Debug|Any CPU
		{CEBCB0FA-4D3A-48F1-B2EE-F3EDC3FCCE84}.Debug|ARM.ActiveCfg = Debug|Any CPU
		{CEBCB0FA-4D3A-48F1-B2EE-F3EDC3FCCE84}.Debug|ARM.Build.0 = Debug|Any CPU
		{CEBCB0FA-4D3A-48F1-B2EE-F3EDC3FCCE84}.Debug|ARM.Deploy.0 = Debug|Any CPU
		{CEBCB0FA-4D3A-48F1-B2EE-F3EDC3FCCE84}.Debug|iPhone.ActiveCfg = Debug|Any CPU
		{CEBCB0FA-4D3A-48F1-B2EE-F3EDC3FCCE84}.Debug|iPhone.Build.0 = Debug|Any CPU
		{CEBCB0FA-4D3A-48F1-B2EE-F3EDC3FCCE84}.Debug|iPhone.Deploy.0 = Debug|Any CPU
		{CEBCB0FA-4D3A-48F1-B2EE-F3EDC3FCCE84}.Debug|iPhoneSimulator.ActiveCfg = Debug|Any CPU
		{CEBCB0FA-4D3A-48F1-B2EE-F3EDC3FCCE84}.Debug|iPhoneSimulator.Build.0 = Debug|Any CPU
		{CEBCB0FA-4D3A-48F1-B2EE-F3EDC3FCCE84}.Debug|iPhoneSimulator.Deploy.0 = Debug|Any CPU
		{CEBCB0FA-4D3A-48F1-B2EE-F3EDC3FCCE84}.Debug|x64.ActiveCfg = Debug|Any CPU
		{CEBCB0FA-4D3A-48F1-B2EE-F3EDC3FCCE84}.Debug|x64.Build.0 = Debug|Any CPU
		{CEBCB0FA-4D3A-48F1-B2EE-F3EDC3FCCE84}.Debug|x64.Deploy.0 = Debug|Any CPU
		{CEBCB0FA-4D3A-48F1-B2EE-F3EDC3FCCE84}.Debug|x86.ActiveCfg = Debug|Any CPU
		{CEBCB0FA-4D3A-48F1-B2EE-F3EDC3FCCE84}.Debug|x86.Build.0 = Debug|Any CPU
		{CEBCB0FA-4D3A-48F1-B2EE-F3EDC3FCCE84}.Debug|x86.Deploy.0 = Debug|Any CPU
		{CEBCB0FA-4D3A-48F1-B2EE-F3EDC3FCCE84}.Release|Any CPU.ActiveCfg = Release|Any CPU
		{CEBCB0FA-4D3A-48F1-B2EE-F3EDC3FCCE84}.Release|Any CPU.Build.0 = Release|Any CPU
		{CEBCB0FA-4D3A-48F1-B2EE-F3EDC3FCCE84}.Release|Any CPU.Deploy.0 = Release|Any CPU
		{CEBCB0FA-4D3A-48F1-B2EE-F3EDC3FCCE84}.Release|ARM.ActiveCfg = Release|Any CPU
		{CEBCB0FA-4D3A-48F1-B2EE-F3EDC3FCCE84}.Release|ARM.Build.0 = Release|Any CPU
		{CEBCB0FA-4D3A-48F1-B2EE-F3EDC3FCCE84}.Release|ARM.Deploy.0 = Release|Any CPU
		{CEBCB0FA-4D3A-48F1-B2EE-F3EDC3FCCE84}.Release|iPhone.ActiveCfg = Release|Any CPU
		{CEBCB0FA-4D3A-48F1-B2EE-F3EDC3FCCE84}.Release|iPhone.Build.0 = Release|Any CPU
		{CEBCB0FA-4D3A-48F1-B2EE-F3EDC3FCCE84}.Release|iPhone.Deploy.0 = Release|Any CPU
		{CEBCB0FA-4D3A-48F1-B2EE-F3EDC3FCCE84}.Release|iPhoneSimulator.ActiveCfg = Release|Any CPU
		{CEBCB0FA-4D3A-48F1-B2EE-F3EDC3FCCE84}.Release|iPhoneSimulator.Build.0 = Release|Any CPU
		{CEBCB0FA-4D3A-48F1-B2EE-F3EDC3FCCE84}.Release|iPhoneSimulator.Deploy.0 = Release|Any CPU
		{CEBCB0FA-4D3A-48F1-B2EE-F3EDC3FCCE84}.Release|x64.ActiveCfg = Release|Any CPU
		{CEBCB0FA-4D3A-48F1-B2EE-F3EDC3FCCE84}.Release|x64.Build.0 = Release|Any CPU
		{CEBCB0FA-4D3A-48F1-B2EE-F3EDC3FCCE84}.Release|x64.Deploy.0 = Release|Any CPU
		{CEBCB0FA-4D3A-48F1-B2EE-F3EDC3FCCE84}.Release|x86.ActiveCfg = Release|Any CPU
		{CEBCB0FA-4D3A-48F1-B2EE-F3EDC3FCCE84}.Release|x86.Build.0 = Release|Any CPU
		{CEBCB0FA-4D3A-48F1-B2EE-F3EDC3FCCE84}.Release|x86.Deploy.0 = Release|Any CPU
		{68E40E79-3657-4B58-B1BE-FBC2BBA3509C}.Ad-Hoc|Any CPU.ActiveCfg = Ad-Hoc|iPhone
		{68E40E79-3657-4B58-B1BE-FBC2BBA3509C}.Ad-Hoc|ARM.ActiveCfg = Ad-Hoc|iPhone
		{68E40E79-3657-4B58-B1BE-FBC2BBA3509C}.Ad-Hoc|iPhone.ActiveCfg = Ad-Hoc|iPhone
		{68E40E79-3657-4B58-B1BE-FBC2BBA3509C}.Ad-Hoc|iPhone.Build.0 = Ad-Hoc|iPhone
		{68E40E79-3657-4B58-B1BE-FBC2BBA3509C}.Ad-Hoc|iPhoneSimulator.ActiveCfg = Ad-Hoc|iPhoneSimulator
		{68E40E79-3657-4B58-B1BE-FBC2BBA3509C}.Ad-Hoc|iPhoneSimulator.Build.0 = Ad-Hoc|iPhoneSimulator
		{68E40E79-3657-4B58-B1BE-FBC2BBA3509C}.Ad-Hoc|x64.ActiveCfg = Ad-Hoc|iPhone
		{68E40E79-3657-4B58-B1BE-FBC2BBA3509C}.Ad-Hoc|x86.ActiveCfg = Ad-Hoc|iPhone
		{68E40E79-3657-4B58-B1BE-FBC2BBA3509C}.AppStore|Any CPU.ActiveCfg = AppStore|iPhone
		{68E40E79-3657-4B58-B1BE-FBC2BBA3509C}.AppStore|ARM.ActiveCfg = AppStore|iPhone
		{68E40E79-3657-4B58-B1BE-FBC2BBA3509C}.AppStore|iPhone.ActiveCfg = AppStore|iPhone
		{68E40E79-3657-4B58-B1BE-FBC2BBA3509C}.AppStore|iPhone.Build.0 = AppStore|iPhone
		{68E40E79-3657-4B58-B1BE-FBC2BBA3509C}.AppStore|iPhoneSimulator.ActiveCfg = AppStore|iPhoneSimulator
		{68E40E79-3657-4B58-B1BE-FBC2BBA3509C}.AppStore|iPhoneSimulator.Build.0 = AppStore|iPhoneSimulator
		{68E40E79-3657-4B58-B1BE-FBC2BBA3509C}.AppStore|x64.ActiveCfg = AppStore|iPhone
		{68E40E79-3657-4B58-B1BE-FBC2BBA3509C}.AppStore|x86.ActiveCfg = AppStore|iPhone
		{68E40E79-3657-4B58-B1BE-FBC2BBA3509C}.Debug|Any CPU.ActiveCfg = Debug|iPhone
		{68E40E79-3657-4B58-B1BE-FBC2BBA3509C}.Debug|ARM.ActiveCfg = Debug|iPhone
		{68E40E79-3657-4B58-B1BE-FBC2BBA3509C}.Debug|iPhone.ActiveCfg = Debug|iPhone
		{68E40E79-3657-4B58-B1BE-FBC2BBA3509C}.Debug|iPhone.Build.0 = Debug|iPhone
		{68E40E79-3657-4B58-B1BE-FBC2BBA3509C}.Debug|iPhoneSimulator.ActiveCfg = Debug|iPhoneSimulator
		{68E40E79-3657-4B58-B1BE-FBC2BBA3509C}.Debug|iPhoneSimulator.Build.0 = Debug|iPhoneSimulator
		{68E40E79-3657-4B58-B1BE-FBC2BBA3509C}.Debug|x64.ActiveCfg = Debug|iPhone
		{68E40E79-3657-4B58-B1BE-FBC2BBA3509C}.Debug|x86.ActiveCfg = Debug|iPhone
		{68E40E79-3657-4B58-B1BE-FBC2BBA3509C}.Release|Any CPU.ActiveCfg = Release|iPhone
		{68E40E79-3657-4B58-B1BE-FBC2BBA3509C}.Release|ARM.ActiveCfg = Release|iPhone
		{68E40E79-3657-4B58-B1BE-FBC2BBA3509C}.Release|iPhone.ActiveCfg = Release|iPhone
		{68E40E79-3657-4B58-B1BE-FBC2BBA3509C}.Release|iPhone.Build.0 = Release|iPhone
		{68E40E79-3657-4B58-B1BE-FBC2BBA3509C}.Release|iPhoneSimulator.ActiveCfg = Release|iPhoneSimulator
		{68E40E79-3657-4B58-B1BE-FBC2BBA3509C}.Release|iPhoneSimulator.Build.0 = Release|iPhoneSimulator
		{68E40E79-3657-4B58-B1BE-FBC2BBA3509C}.Release|x64.ActiveCfg = Release|iPhone
		{68E40E79-3657-4B58-B1BE-FBC2BBA3509C}.Release|x86.ActiveCfg = Release|iPhone
		{2E5E3FC8-1F82-4970-9D6D-E256A984C764}.Ad-Hoc|Any CPU.ActiveCfg = Release|x86
		{2E5E3FC8-1F82-4970-9D6D-E256A984C764}.Ad-Hoc|Any CPU.Build.0 = Release|x86
		{2E5E3FC8-1F82-4970-9D6D-E256A984C764}.Ad-Hoc|Any CPU.Deploy.0 = Release|x86
		{2E5E3FC8-1F82-4970-9D6D-E256A984C764}.Ad-Hoc|ARM.ActiveCfg = Release|ARM
		{2E5E3FC8-1F82-4970-9D6D-E256A984C764}.Ad-Hoc|ARM.Build.0 = Release|ARM
		{2E5E3FC8-1F82-4970-9D6D-E256A984C764}.Ad-Hoc|ARM.Deploy.0 = Release|ARM
		{2E5E3FC8-1F82-4970-9D6D-E256A984C764}.Ad-Hoc|iPhone.ActiveCfg = Release|x86
		{2E5E3FC8-1F82-4970-9D6D-E256A984C764}.Ad-Hoc|iPhone.Build.0 = Release|x86
		{2E5E3FC8-1F82-4970-9D6D-E256A984C764}.Ad-Hoc|iPhone.Deploy.0 = Release|x86
		{2E5E3FC8-1F82-4970-9D6D-E256A984C764}.Ad-Hoc|iPhoneSimulator.ActiveCfg = Release|x86
		{2E5E3FC8-1F82-4970-9D6D-E256A984C764}.Ad-Hoc|iPhoneSimulator.Build.0 = Release|x86
		{2E5E3FC8-1F82-4970-9D6D-E256A984C764}.Ad-Hoc|iPhoneSimulator.Deploy.0 = Release|x86
		{2E5E3FC8-1F82-4970-9D6D-E256A984C764}.Ad-Hoc|x64.ActiveCfg = Release|x64
		{2E5E3FC8-1F82-4970-9D6D-E256A984C764}.Ad-Hoc|x64.Build.0 = Release|x64
		{2E5E3FC8-1F82-4970-9D6D-E256A984C764}.Ad-Hoc|x64.Deploy.0 = Release|x64
		{2E5E3FC8-1F82-4970-9D6D-E256A984C764}.Ad-Hoc|x86.ActiveCfg = Release|x86
		{2E5E3FC8-1F82-4970-9D6D-E256A984C764}.Ad-Hoc|x86.Build.0 = Release|x86
		{2E5E3FC8-1F82-4970-9D6D-E256A984C764}.Ad-Hoc|x86.Deploy.0 = Release|x86
		{2E5E3FC8-1F82-4970-9D6D-E256A984C764}.AppStore|Any CPU.ActiveCfg = Release|x86
		{2E5E3FC8-1F82-4970-9D6D-E256A984C764}.AppStore|Any CPU.Build.0 = Release|x86
		{2E5E3FC8-1F82-4970-9D6D-E256A984C764}.AppStore|Any CPU.Deploy.0 = Release|x86
		{2E5E3FC8-1F82-4970-9D6D-E256A984C764}.AppStore|ARM.ActiveCfg = Release|ARM
		{2E5E3FC8-1F82-4970-9D6D-E256A984C764}.AppStore|ARM.Build.0 = Release|ARM
		{2E5E3FC8-1F82-4970-9D6D-E256A984C764}.AppStore|ARM.Deploy.0 = Release|ARM
		{2E5E3FC8-1F82-4970-9D6D-E256A984C764}.AppStore|iPhone.ActiveCfg = Release|x86
		{2E5E3FC8-1F82-4970-9D6D-E256A984C764}.AppStore|iPhone.Build.0 = Release|x86
		{2E5E3FC8-1F82-4970-9D6D-E256A984C764}.AppStore|iPhone.Deploy.0 = Release|x86
		{2E5E3FC8-1F82-4970-9D6D-E256A984C764}.AppStore|iPhoneSimulator.ActiveCfg = Release|x86
		{2E5E3FC8-1F82-4970-9D6D-E256A984C764}.AppStore|iPhoneSimulator.Build.0 = Release|x86
		{2E5E3FC8-1F82-4970-9D6D-E256A984C764}.AppStore|iPhoneSimulator.Deploy.0 = Release|x86
		{2E5E3FC8-1F82-4970-9D6D-E256A984C764}.AppStore|x64.ActiveCfg = Release|x64
		{2E5E3FC8-1F82-4970-9D6D-E256A984C764}.AppStore|x64.Build.0 = Release|x64
		{2E5E3FC8-1F82-4970-9D6D-E256A984C764}.AppStore|x64.Deploy.0 = Release|x64
		{2E5E3FC8-1F82-4970-9D6D-E256A984C764}.AppStore|x86.ActiveCfg = Release|x86
		{2E5E3FC8-1F82-4970-9D6D-E256A984C764}.AppStore|x86.Build.0 = Release|x86
		{2E5E3FC8-1F82-4970-9D6D-E256A984C764}.AppStore|x86.Deploy.0 = Release|x86
		{2E5E3FC8-1F82-4970-9D6D-E256A984C764}.Debug|Any CPU.ActiveCfg = Debug|x86
		{2E5E3FC8-1F82-4970-9D6D-E256A984C764}.Debug|ARM.ActiveCfg = Debug|ARM
		{2E5E3FC8-1F82-4970-9D6D-E256A984C764}.Debug|ARM.Build.0 = Debug|ARM
		{2E5E3FC8-1F82-4970-9D6D-E256A984C764}.Debug|ARM.Deploy.0 = Debug|ARM
		{2E5E3FC8-1F82-4970-9D6D-E256A984C764}.Debug|iPhone.ActiveCfg = Debug|x86
		{2E5E3FC8-1F82-4970-9D6D-E256A984C764}.Debug|iPhoneSimulator.ActiveCfg = Debug|x86
		{2E5E3FC8-1F82-4970-9D6D-E256A984C764}.Debug|x64.ActiveCfg = Debug|x64
		{2E5E3FC8-1F82-4970-9D6D-E256A984C764}.Debug|x64.Build.0 = Debug|x64
		{2E5E3FC8-1F82-4970-9D6D-E256A984C764}.Debug|x64.Deploy.0 = Debug|x64
		{2E5E3FC8-1F82-4970-9D6D-E256A984C764}.Debug|x86.ActiveCfg = Debug|x86
		{2E5E3FC8-1F82-4970-9D6D-E256A984C764}.Debug|x86.Build.0 = Debug|x86
		{2E5E3FC8-1F82-4970-9D6D-E256A984C764}.Debug|x86.Deploy.0 = Debug|x86
		{2E5E3FC8-1F82-4970-9D6D-E256A984C764}.Release|Any CPU.ActiveCfg = Release|x86
		{2E5E3FC8-1F82-4970-9D6D-E256A984C764}.Release|ARM.ActiveCfg = Release|ARM
		{2E5E3FC8-1F82-4970-9D6D-E256A984C764}.Release|ARM.Build.0 = Release|ARM
		{2E5E3FC8-1F82-4970-9D6D-E256A984C764}.Release|ARM.Deploy.0 = Release|ARM
		{2E5E3FC8-1F82-4970-9D6D-E256A984C764}.Release|iPhone.ActiveCfg = Release|x86
		{2E5E3FC8-1F82-4970-9D6D-E256A984C764}.Release|iPhoneSimulator.ActiveCfg = Release|x86
		{2E5E3FC8-1F82-4970-9D6D-E256A984C764}.Release|x64.ActiveCfg = Release|x64
		{2E5E3FC8-1F82-4970-9D6D-E256A984C764}.Release|x64.Build.0 = Release|x64
		{2E5E3FC8-1F82-4970-9D6D-E256A984C764}.Release|x64.Deploy.0 = Release|x64
		{2E5E3FC8-1F82-4970-9D6D-E256A984C764}.Release|x86.ActiveCfg = Release|x86
		{2E5E3FC8-1F82-4970-9D6D-E256A984C764}.Release|x86.Build.0 = Release|x86
		{2E5E3FC8-1F82-4970-9D6D-E256A984C764}.Release|x86.Deploy.0 = Release|x86
	EndGlobalSection
	GlobalSection(SolutionProperties) = preSolution
		HideSolutionNode = FALSE
	EndGlobalSection
	GlobalSection(ExtensibilityGlobals) = postSolution
		SolutionGuid = {CB55749D-C184-4A70-8D4B-CF9D8DD74A86}
	EndGlobalSection
EndGlobal
